{
  "version": 4,
  "terraform_version": "1.9.2",
  "serial": 25,
  "lineage": "6175b572-80e0-7249-99bf-94882ee5b85f",
  "outputs": {},
  "resources": [
    {
      "module": "module.network",
      "mode": "data",
      "type": "aws_subnet",
      "name": "subnet_private_1a",
      "provider": "provider[\"registry.terraform.io/hashicorp/aws\"]",
      "instances": [
        {
          "schema_version": 0,
          "attributes": {
            "arn": "arn:aws:ec2:ap-northeast-1:098683826726:subnet/subnet-0c25ef5ebf641e31e",
            "assign_ipv6_address_on_creation": false,
            "availability_zone": "ap-northeast-1c",
            "availability_zone_id": "apne1-az1",
            "available_ip_address_count": 113,
            "cidr_block": "10.142.132.128/25",
            "customer_owned_ipv4_pool": "",
            "default_for_az": false,
            "enable_dns64": false,
            "enable_lni_at_device_index": 0,
            "enable_resource_name_dns_a_record_on_launch": false,
            "enable_resource_name_dns_aaaa_record_on_launch": false,
            "filter": null,
            "id": "subnet-0c25ef5ebf641e31e",
            "ipv6_cidr_block": "",
            "ipv6_cidr_block_association_id": "",
            "ipv6_native": false,
            "map_customer_owned_ip_on_launch": false,
            "map_public_ip_on_launch": false,
            "outpost_arn": "",
            "owner_id": "098683826726",
            "private_dns_hostname_type_on_launch": "ip-name",
            "state": "available",
            "tags": {
              "AvailabilityZone": "ap-northeast-1c",
              "Environment": "dev",
              "Name": "vtlab-dev-apne1-dx-pub-apne1c",
              "ProductCode": "opetech-vietnam-lab",
              "ProductName": "vtlab",
              "Purpose": "network",
              "Region": "ap-northeast-1",
              "StackName": "vpc-subnet",
              "SystemName": "apne1-dx",
              "VpcSubnetType": "public"
            },
            "timeouts": null,
            "vpc_id": "vpc-028bfe207927ce18b"
          },
          "sensitive_attributes": []
        }
      ]
    },
    {
      "module": "module.network",
      "mode": "data",
      "type": "aws_subnet",
      "name": "subnet_private_1c",
      "provider": "provider[\"registry.terraform.io/hashicorp/aws\"]",
      "instances": [
        {
          "schema_version": 0,
          "attributes": {
            "arn": "arn:aws:ec2:ap-northeast-1:098683826726:subnet/subnet-083f99e781793ea5b",
            "assign_ipv6_address_on_creation": false,
            "availability_zone": "ap-northeast-1a",
            "availability_zone_id": "apne1-az4",
            "available_ip_address_count": 108,
            "cidr_block": "10.142.132.0/25",
            "customer_owned_ipv4_pool": "",
            "default_for_az": false,
            "enable_dns64": false,
            "enable_lni_at_device_index": 0,
            "enable_resource_name_dns_a_record_on_launch": false,
            "enable_resource_name_dns_aaaa_record_on_launch": false,
            "filter": null,
            "id": "subnet-083f99e781793ea5b",
            "ipv6_cidr_block": "",
            "ipv6_cidr_block_association_id": "",
            "ipv6_native": false,
            "map_customer_owned_ip_on_launch": false,
            "map_public_ip_on_launch": false,
            "outpost_arn": "",
            "owner_id": "098683826726",
            "private_dns_hostname_type_on_launch": "ip-name",
            "state": "available",
            "tags": {
              "AvailabilityZone": "ap-northeast-1a",
              "Environment": "dev",
              "Name": "vtlab-dev-apne1-dx-pub-apne1a",
              "ProductCode": "opetech-vietnam-lab",
              "ProductName": "vtlab",
              "Purpose": "network",
              "Region": "ap-northeast-1",
              "StackName": "vpc-subnet",
              "SystemName": "apne1-dx",
              "VpcSubnetType": "public"
            },
            "timeouts": null,
            "vpc_id": "vpc-028bfe207927ce18b"
          },
          "sensitive_attributes": []
        }
      ]
    },
    {
      "module": "module.network",
      "mode": "data",
      "type": "aws_subnet",
      "name": "subnet_public_1a",
      "provider": "provider[\"registry.terraform.io/hashicorp/aws\"]",
      "instances": [
        {
          "schema_version": 0,
          "attributes": {
            "arn": "arn:aws:ec2:ap-northeast-1:098683826726:subnet/subnet-0f8f316f462ed65a0",
            "assign_ipv6_address_on_creation": false,
            "availability_zone": "ap-northeast-1a",
            "availability_zone_id": "apne1-az4",
            "available_ip_address_count": 110,
            "cidr_block": "10.142.133.0/25",
            "customer_owned_ipv4_pool": "",
            "default_for_az": false,
            "enable_dns64": false,
            "enable_lni_at_device_index": 0,
            "enable_resource_name_dns_a_record_on_launch": false,
            "enable_resource_name_dns_aaaa_record_on_launch": false,
            "filter": null,
            "id": "subnet-0f8f316f462ed65a0",
            "ipv6_cidr_block": "",
            "ipv6_cidr_block_association_id": "",
            "ipv6_native": false,
            "map_customer_owned_ip_on_launch": false,
            "map_public_ip_on_launch": false,
            "outpost_arn": "",
            "owner_id": "098683826726",
            "private_dns_hostname_type_on_launch": "ip-name",
            "state": "available",
            "tags": {
              "AvailabilityZone": "ap-northeast-1a",
              "Environment": "dev",
              "Name": "vtlab-dev-apne1-dx-pri-apne1a",
              "ProductCode": "opetech-vietnam-lab",
              "ProductName": "vtlab",
              "Purpose": "network",
              "Region": "ap-northeast-1",
              "StackName": "vpc-subnet",
              "SystemName": "apne1-dx",
              "VpcSubnetType": "private"
            },
            "timeouts": null,
            "vpc_id": "vpc-028bfe207927ce18b"
          },
          "sensitive_attributes": []
        }
      ]
    },
    {
      "module": "module.network",
      "mode": "data",
      "type": "aws_subnet",
      "name": "subnet_public_1c",
      "provider": "provider[\"registry.terraform.io/hashicorp/aws\"]",
      "instances": [
        {
          "schema_version": 0,
          "attributes": {
            "arn": "arn:aws:ec2:ap-northeast-1:098683826726:subnet/subnet-02fa14095bc1b19c2",
            "assign_ipv6_address_on_creation": false,
            "availability_zone": "ap-northeast-1c",
            "availability_zone_id": "apne1-az1",
            "available_ip_address_count": 114,
            "cidr_block": "10.142.133.128/25",
            "customer_owned_ipv4_pool": "",
            "default_for_az": false,
            "enable_dns64": false,
            "enable_lni_at_device_index": 0,
            "enable_resource_name_dns_a_record_on_launch": false,
            "enable_resource_name_dns_aaaa_record_on_launch": false,
            "filter": null,
            "id": "subnet-02fa14095bc1b19c2",
            "ipv6_cidr_block": "",
            "ipv6_cidr_block_association_id": "",
            "ipv6_native": false,
            "map_customer_owned_ip_on_launch": false,
            "map_public_ip_on_launch": false,
            "outpost_arn": "",
            "owner_id": "098683826726",
            "private_dns_hostname_type_on_launch": "ip-name",
            "state": "available",
            "tags": {
              "AvailabilityZone": "ap-northeast-1c",
              "Environment": "dev",
              "Name": "vtlab-dev-apne1-dx-pri-apne1c",
              "ProductCode": "opetech-vietnam-lab",
              "ProductName": "vtlab",
              "Purpose": "network",
              "Region": "ap-northeast-1",
              "StackName": "vpc-subnet",
              "SystemName": "apne1-dx",
              "VpcSubnetType": "private"
            },
            "timeouts": null,
            "vpc_id": "vpc-028bfe207927ce18b"
          },
          "sensitive_attributes": []
        }
      ]
    },
    {
      "module": "module.network",
      "mode": "managed",
      "type": "aws_security_group",
      "name": "techlab_management_fe_allow_http",
      "provider": "provider[\"registry.terraform.io/hashicorp/aws\"]",
      "instances": [
        {
          "schema_version": 1,
          "attributes": {
            "arn": "arn:aws:ec2:ap-northeast-1:098683826726:security-group/sg-04236439750b2aae3",
            "description": "ECS Service security group",
            "egress": [
              {
                "cidr_blocks": [
                  "0.0.0.0/0"
                ],
                "description": "",
                "from_port": 0,
                "ipv6_cidr_blocks": [],
                "prefix_list_ids": [],
                "protocol": "-1",
                "security_groups": [],
                "self": false,
                "to_port": 0
              }
            ],
            "id": "sg-04236439750b2aae3",
            "ingress": [
              {
                "cidr_blocks": [
                  "0.0.0.0/0"
                ],
                "description": "HTTP from VPC",
                "from_port": 80,
                "ipv6_cidr_blocks": [],
                "prefix_list_ids": [],
                "protocol": "tcp",
                "security_groups": [],
                "self": false,
                "to_port": 80
              }
            ],
            "name": "opegpt-poc-common-ecs-task-service-techlab-management-fe",
            "name_prefix": "",
            "owner_id": "098683826726",
            "revoke_rules_on_delete": false,
            "tags": {
              "Environment": "poc",
              "SystemName": "techlab-management-fe"
            },
            "tags_all": {
              "Environment": "poc",
              "SystemName": "techlab-management-fe"
            },
            "timeouts": null,
            "vpc_id": "vpc-028bfe207927ce18b"
          },
          "sensitive_attributes": [],
          "private": "eyJlMmJmYjczMC1lY2FhLTExZTYtOGY4OC0zNDM2M2JjN2M0YzAiOnsiY3JlYXRlIjo2MDAwMDAwMDAwMDAsImRlbGV0ZSI6OTAwMDAwMDAwMDAwfSwic2NoZW1hX3ZlcnNpb24iOiIxIn0=",
          "dependencies": [
            "module.network.data.aws_subnet.subnet_public_1a"
          ]
        }
      ]
    },
    {
      "module": "module.techlab_management_fe_ecr",
      "mode": "managed",
      "type": "aws_ecr_repository",
      "name": "main",
      "provider": "provider[\"registry.terraform.io/hashicorp/aws\"]",
      "instances": [
        {
          "schema_version": 0,
          "attributes": {
            "arn": "arn:aws:ecr:ap-northeast-1:098683826726:repository/opetech-ai/opegpt-poc-techlab-management-fe",
            "encryption_configuration": [
              {
                "encryption_type": "AES256",
                "kms_key": ""
              }
            ],
            "force_delete": null,
            "id": "opetech-ai/opegpt-poc-techlab-management-fe",
            "image_scanning_configuration": [
              {
                "scan_on_push": true
              }
            ],
            "image_tag_mutability": "MUTABLE",
            "name": "opetech-ai/opegpt-poc-techlab-management-fe",
            "registry_id": "098683826726",
            "repository_url": "098683826726.dkr.ecr.ap-northeast-1.amazonaws.com/opetech-ai/opegpt-poc-techlab-management-fe",
            "tags": {},
            "tags_all": {},
            "timeouts": null
          },
          "sensitive_attributes": [],
          "private": "eyJlMmJmYjczMC1lY2FhLTExZTYtOGY4OC0zNDM2M2JjN2M0YzAiOnsiZGVsZXRlIjoxMjAwMDAwMDAwMDAwfX0="
        }
      ]
    },
    {
      "module": "module.techlab_management_fe_ecs",
      "mode": "managed",
      "type": "aws_ecs_cluster",
      "name": "cluster",
      "provider": "provider[\"registry.terraform.io/hashicorp/aws\"]",
      "instances": [
        {
          "schema_version": 0,
          "attributes": {
            "arn": "arn:aws:ecs:ap-northeast-1:098683826726:cluster/opegpt-poc-techlab-management-fe",
            "configuration": [],
            "id": "arn:aws:ecs:ap-northeast-1:098683826726:cluster/opegpt-poc-techlab-management-fe",
            "name": "opegpt-poc-techlab-management-fe",
            "service_connect_defaults": [],
            "setting": [
              {
                "name": "containerInsights",
                "value": "enabled"
              }
            ],
            "tags": {},
            "tags_all": {}
          },
          "sensitive_attributes": [],
          "private": "bnVsbA=="
        }
      ]
    },
    {
      "module": "module.techlab_management_fe_secret_manager",
      "mode": "managed",
      "type": "aws_secretsmanager_secret",
      "name": "secret",
      "provider": "provider[\"registry.terraform.io/hashicorp/aws\"]",
      "instances": [
        {
          "schema_version": 0,
          "attributes": {
            "arn": "arn:aws:secretsmanager:ap-northeast-1:098683826726:secret:opegpt-poc-techlab-management-fe-environments-2F4daw",
            "description": "",
            "force_overwrite_replica_secret": false,
            "id": "arn:aws:secretsmanager:ap-northeast-1:098683826726:secret:opegpt-poc-techlab-management-fe-environments-2F4daw",
            "kms_key_id": "",
            "name": "opegpt-poc-techlab-management-fe-environments",
            "name_prefix": "",
            "policy": "",
            "recovery_window_in_days": 0,
            "replica": [],
            "tags": {},
            "tags_all": {}
          },
          "sensitive_attributes": [],
          "private": "bnVsbA=="
        }
      ]
    }
  ],
  "check_results": null
}
